
Microsoft Visual Studio Solution File, Format Version 12.00
# Visual Studio Version 16
VisualStudioVersion = 16.0.29411.108
MinimumVisualStudioVersion = 10.0.40219.1
Project("{FAE04EC0-301F-11D3-BF4B-00C04F79EFBC}") = "Net.Http.WebApi.OData", "Net.Http.WebApi.OData\Net.Http.WebApi.OData.csproj", "{67FBEB32-944E-4022-8B80-5589762B2B05}"
EndProject
Project("{FAE04EC0-301F-11D3-BF4B-00C04F79EFBC}") = "Net.Http.WebApi.OData.Tests", "Net.Http.WebApi.OData.Tests\Net.Http.WebApi.OData.Tests.csproj", "{0BDC1EA9-0521-49C7-A0DF-199395419476}"
EndProject
Project("{9A19103F-16F7-4668-BE54-9A1E7A4F7556}") = "Net.Http.OData", "Net.Http.OData\Net.Http.OData.csproj", "{A46329C6-ED56-429F-BE8A-C2CE8C760C12}"
EndProject
Project("{9A19103F-16F7-4668-BE54-9A1E7A4F7556}") = "Net.Http.OData.Tests", "Net.Http.OData.Tests\Net.Http.OData.Tests.csproj", "{3179A34F-6647-4F0A-9E9A-65A8DE677BA8}"
EndProject
Project("{2150E333-8FDC-42A3-9474-1A3956D46DE8}") = "src", "src", "{C85E85DA-F7DF-411E-9051-27AC07699E03}"
EndProject
Project("{2150E333-8FDC-42A3-9474-1A3956D46DE8}") = "test", "test", "{8582B3C1-B461-4BFA-B5D5-63981249F406}"
EndProject
Global
	GlobalSection(SolutionConfigurationPlatforms) = preSolution
		Debug|Any CPU = Debug|Any CPU
		Release|Any CPU = Release|Any CPU
	EndGlobalSection
	GlobalSection(ProjectConfigurationPlatforms) = postSolution
		{67FBEB32-944E-4022-8B80-5589762B2B05}.Debug|Any CPU.ActiveCfg = Debug|Any CPU
		{67FBEB32-944E-4022-8B80-5589762B2B05}.Debug|Any CPU.Build.0 = Debug|Any CPU
		{67FBEB32-944E-4022-8B80-5589762B2B05}.Release|Any CPU.ActiveCfg = Release|Any CPU
		{67FBEB32-944E-4022-8B80-5589762B2B05}.Release|Any CPU.Build.0 = Release|Any CPU
		{0BDC1EA9-0521-49C7-A0DF-199395419476}.Debug|Any CPU.ActiveCfg = Debug|Any CPU
		{0BDC1EA9-0521-49C7-A0DF-199395419476}.Debug|Any CPU.Build.0 = Debug|Any CPU
		{0BDC1EA9-0521-49C7-A0DF-199395419476}.Release|Any CPU.ActiveCfg = Release|Any CPU
		{0BDC1EA9-0521-49C7-A0DF-199395419476}.Release|Any CPU.Build.0 = Release|Any CPU
		{A46329C6-ED56-429F-BE8A-C2CE8C760C12}.Debug|Any CPU.ActiveCfg = Debug|Any CPU
		{A46329C6-ED56-429F-BE8A-C2CE8C760C12}.Debug|Any CPU.Build.0 = Debug|Any CPU
		{A46329C6-ED56-429F-BE8A-C2CE8C760C12}.Release|Any CPU.ActiveCfg = Release|Any CPU
		{A46329C6-ED56-429F-BE8A-C2CE8C760C12}.Release|Any CPU.Build.0 = Release|Any CPU
		{3179A34F-6647-4F0A-9E9A-65A8DE677BA8}.Debug|Any CPU.ActiveCfg = Debug|Any CPU
		{3179A34F-6647-4F0A-9E9A-65A8DE677BA8}.Debug|Any CPU.Build.0 = Debug|Any CPU
		{3179A34F-6647-4F0A-9E9A-65A8DE677BA8}.Release|Any CPU.ActiveCfg = Release|Any CPU
		{3179A34F-6647-4F0A-9E9A-65A8DE677BA8}.Release|Any CPU.Build.0 = Release|Any CPU
	EndGlobalSection
	GlobalSection(SolutionProperties) = preSolution
		HideSolutionNode = FALSE
	EndGlobalSection
	GlobalSection(NestedProjects) = preSolution
		{67FBEB32-944E-4022-8B80-5589762B2B05} = {C85E85DA-F7DF-411E-9051-27AC07699E03}
		{0BDC1EA9-0521-49C7-A0DF-199395419476} = {8582B3C1-B461-4BFA-B5D5-63981249F406}
		{A46329C6-ED56-429F-BE8A-C2CE8C760C12} = {C85E85DA-F7DF-411E-9051-27AC07699E03}
		{3179A34F-6647-4F0A-9E9A-65A8DE677BA8} = {8582B3C1-B461-4BFA-B5D5-63981249F406}
	EndGlobalSection
	GlobalSection(ExtensibilityGlobals) = postSolution
		SolutionGuid = {4FD34FDD-3F26-4E25-9318-CE1663947A75}
	EndGlobalSection
EndGlobal
