
Microsoft Visual Studio Solution File, Format Version 12.00
# Visual Studio 15
VisualStudioVersion = 15.0.28010.2016
MinimumVisualStudioVersion = 10.0.40219.1
Project("{FAE04EC0-301F-11D3-BF4B-00C04F79EFBC}") = "Net.Http.WebApi.OData", "Net.Http.WebApi.OData\Net.Http.WebApi.OData.csproj", "{67FBEB32-944E-4022-8B80-5589762B2B05}"
EndProject
Project("{FAE04EC0-301F-11D3-BF4B-00C04F79EFBC}") = "Net.Http.WebApi.OData.Tests", "Net.Http.WebApi.OData.Tests\Net.Http.WebApi.OData.Tests.csproj", "{0BDC1EA9-0521-49C7-A0DF-199395419476}"
EndProject
Global
	GlobalSection(SolutionConfigurationPlatforms) = preSolution
		Debug|Any CPU = Debug|Any CPU
		Release|Any CPU = Release|Any CPU
	EndGlobalSection
	GlobalSection(ProjectConfigurationPlatforms) = postSolution
		{67FBEB32-944E-4022-8B80-5589762B2B05}.Debug|Any CPU.ActiveCfg = Debug|Any CPU
		{67FBEB32-944E-4022-8B80-5589762B2B05}.Debug|Any CPU.Build.0 = Debug|Any CPU
		{67FBEB32-944E-4022-8B80-5589762B2B05}.Release|Any CPU.ActiveCfg = Release|Any CPU
		{67FBEB32-944E-4022-8B80-5589762B2B05}.Release|Any CPU.Build.0 = Release|Any CPU
		{0BDC1EA9-0521-49C7-A0DF-199395419476}.Debug|Any CPU.ActiveCfg = Debug|Any CPU
		{0BDC1EA9-0521-49C7-A0DF-199395419476}.Debug|Any CPU.Build.0 = Debug|Any CPU
		{0BDC1EA9-0521-49C7-A0DF-199395419476}.Release|Any CPU.ActiveCfg = Release|Any CPU
		{0BDC1EA9-0521-49C7-A0DF-199395419476}.Release|Any CPU.Build.0 = Release|Any CPU
	EndGlobalSection
	GlobalSection(SolutionProperties) = preSolution
		HideSolutionNode = FALSE
	EndGlobalSection
	GlobalSection(ExtensibilityGlobals) = postSolution
		SolutionGuid = {4FD34FDD-3F26-4E25-9318-CE1663947A75}
	EndGlobalSection
EndGlobal
